
Microsoft Visual Studio Solution File, Format Version 12.00
# Visual Studio Version 17
VisualStudioVersion = 17.8.34330.188
MinimumVisualStudioVersion = 10.0.40219.1
Project("{FAE04EC0-301F-11D3-BF4B-00C04F79EFBC}") = "Data", "Data\Data.csproj", "{B2E788E0-B0C2-46D4-A4CD-172956351CEF}"
EndProject
Project("{FAE04EC0-301F-11D3-BF4B-00C04F79EFBC}") = "Entity", "Entity\Entity.csproj", "{92157627-A11E-4423-8711-9BF7D199E90F}"
EndProject
Project("{FAE04EC0-301F-11D3-BF4B-00C04F79EFBC}") = "Service", "Service\Service.csproj", "{64CE7E42-238B-4215-A0CF-54AAFF2BD6AB}"
EndProject
Project("{FAE04EC0-301F-11D3-BF4B-00C04F79EFBC}") = "Shared", "Shared\Shared.csproj", "{48E2AF81-4F9D-48D3-9E12-BB88C80C2852}"
EndProject
Project("{FAE04EC0-301F-11D3-BF4B-00C04F79EFBC}") = "API", "API\API.csproj", "{25E4CFBC-8053-4F81-8360-4DC849FB1D3B}"
EndProject
Global
	GlobalSection(SolutionConfigurationPlatforms) = preSolution
		Debug|Any CPU = Debug|Any CPU
		Release|Any CPU = Release|Any CPU
	EndGlobalSection
	GlobalSection(ProjectConfigurationPlatforms) = postSolution
		{B2E788E0-B0C2-46D4-A4CD-172956351CEF}.Debug|Any CPU.ActiveCfg = Debug|Any CPU
		{B2E788E0-B0C2-46D4-A4CD-172956351CEF}.Debug|Any CPU.Build.0 = Debug|Any CPU
		{B2E788E0-B0C2-46D4-A4CD-172956351CEF}.Release|Any CPU.ActiveCfg = Release|Any CPU
		{B2E788E0-B0C2-46D4-A4CD-172956351CEF}.Release|Any CPU.Build.0 = Release|Any CPU
		{92157627-A11E-4423-8711-9BF7D199E90F}.Debug|Any CPU.ActiveCfg = Debug|Any CPU
		{92157627-A11E-4423-8711-9BF7D199E90F}.Debug|Any CPU.Build.0 = Debug|Any CPU
		{92157627-A11E-4423-8711-9BF7D199E90F}.Release|Any CPU.ActiveCfg = Release|Any CPU
		{92157627-A11E-4423-8711-9BF7D199E90F}.Release|Any CPU.Build.0 = Release|Any CPU
		{64CE7E42-238B-4215-A0CF-54AAFF2BD6AB}.Debug|Any CPU.ActiveCfg = Debug|Any CPU
		{64CE7E42-238B-4215-A0CF-54AAFF2BD6AB}.Debug|Any CPU.Build.0 = Debug|Any CPU
		{64CE7E42-238B-4215-A0CF-54AAFF2BD6AB}.Release|Any CPU.ActiveCfg = Release|Any CPU
		{64CE7E42-238B-4215-A0CF-54AAFF2BD6AB}.Release|Any CPU.Build.0 = Release|Any CPU
		{48E2AF81-4F9D-48D3-9E12-BB88C80C2852}.Debug|Any CPU.ActiveCfg = Debug|Any CPU
		{48E2AF81-4F9D-48D3-9E12-BB88C80C2852}.Debug|Any CPU.Build.0 = Debug|Any CPU
		{48E2AF81-4F9D-48D3-9E12-BB88C80C2852}.Release|Any CPU.ActiveCfg = Release|Any CPU
		{48E2AF81-4F9D-48D3-9E12-BB88C80C2852}.Release|Any CPU.Build.0 = Release|Any CPU
		{25E4CFBC-8053-4F81-8360-4DC849FB1D3B}.Debug|Any CPU.ActiveCfg = Debug|Any CPU
		{25E4CFBC-8053-4F81-8360-4DC849FB1D3B}.Debug|Any CPU.Build.0 = Debug|Any CPU
		{25E4CFBC-8053-4F81-8360-4DC849FB1D3B}.Release|Any CPU.ActiveCfg = Release|Any CPU
		{25E4CFBC-8053-4F81-8360-4DC849FB1D3B}.Release|Any CPU.Build.0 = Release|Any CPU
	EndGlobalSection
	GlobalSection(SolutionProperties) = preSolution
		HideSolutionNode = FALSE
	EndGlobalSection
	GlobalSection(ExtensibilityGlobals) = postSolution
		SolutionGuid = {D4EDCC60-8A1B-4D6D-B465-9830D250E131}
	EndGlobalSection
EndGlobal
